
Microsoft Visual Studio Solution File, Format Version 12.00
# Visual Studio 15
VisualStudioVersion = 15.0.28307.1231
MinimumVisualStudioVersion = 10.0.40219.1
Project("{FAE04EC0-301F-11D3-BF4B-00C04F79EFBC}") = "Convert", "Convert\Convert.csproj", "{FB5CA995-FB3D-4EE6-B2CC-CEF47B35FE04}"
EndProject
Global
	GlobalSection(SolutionConfigurationPlatforms) = preSolution
		Debug|Any CPU = Debug|Any CPU
		Release|Any CPU = Release|Any CPU
	EndGlobalSection
	GlobalSection(ProjectConfigurationPlatforms) = postSolution
		{FB5CA995-FB3D-4EE6-B2CC-CEF47B35FE04}.Debug|Any CPU.ActiveCfg = Debug|Any CPU
		{FB5CA995-FB3D-4EE6-B2CC-CEF47B35FE04}.Debug|Any CPU.Build.0 = Debug|Any CPU
		{FB5CA995-FB3D-4EE6-B2CC-CEF47B35FE04}.Release|Any CPU.ActiveCfg = Release|Any CPU
		{FB5CA995-FB3D-4EE6-B2CC-CEF47B35FE04}.Release|Any CPU.Build.0 = Release|Any CPU
	EndGlobalSection
	GlobalSection(SolutionProperties) = preSolution
		HideSolutionNode = FALSE
	EndGlobalSection
	GlobalSection(ExtensibilityGlobals) = postSolution
		SolutionGuid = {6354AD6B-6B65-4DE3-940D-A8E8E426E1F9}
	EndGlobalSection
EndGlobal
